
Microsoft Visual Studio Solution File, Format Version 12.00
# Visual Studio Version 16
VisualStudioVersion = 16.0.31605.320
MinimumVisualStudioVersion = 10.0.40219.1
Project("{FAE04EC0-301F-11D3-BF4B-00C04F79EFBC}") = "DiePoker", "DiePoker.csproj", "{1A9313DC-F115-410B-95F7-383C968CAC4E}"
EndProject
Global
	GlobalSection(SolutionConfigurationPlatforms) = preSolution
		Debug|Any CPU = Debug|Any CPU
		Release|Any CPU = Release|Any CPU
	EndGlobalSection
	GlobalSection(ProjectConfigurationPlatforms) = postSolution
		{1A9313DC-F115-410B-95F7-383C968CAC4E}.Debug|Any CPU.ActiveCfg = Debug|Any CPU
		{1A9313DC-F115-410B-95F7-383C968CAC4E}.Debug|Any CPU.Build.0 = Debug|Any CPU
		{1A9313DC-F115-410B-95F7-383C968CAC4E}.Release|Any CPU.ActiveCfg = Release|Any CPU
		{1A9313DC-F115-410B-95F7-383C968CAC4E}.Release|Any CPU.Build.0 = Release|Any CPU
	EndGlobalSection
	GlobalSection(SolutionProperties) = preSolution
		HideSolutionNode = FALSE
	EndGlobalSection
	GlobalSection(ExtensibilityGlobals) = postSolution
		SolutionGuid = {C0C6E30D-6F72-4A73-9579-FE85FF2502FE}
	EndGlobalSection
EndGlobal
